# THIS IS AN AUTOGENERATED FILE. DO NOT EDIT THIS FILE DIRECTLY.
# yarn lockfile v1


"@apidevtools/json-schema-ref-parser@^11.7.0":
  version "11.9.3"
  resolved "https://registry.yarnpkg.com/@apidevtools/json-schema-ref-parser/-/json-schema-ref-parser-11.9.3.tgz#0e0c9061fc41cf03737d499a4e6a8299fdd2bfa7"
  integrity sha512-60vepv88RwcJtSHrD6MjIL6Ta3SOYbgfnkHb+ppAVK+o9mXprRtulx7VlRl3lN3bbvysAfCS7WMVfhUYemB0IQ==
  dependencies:
    "@jsdevtools/ono" "^7.1.3"
    "@types/json-schema" "^7.0.15"
    js-yaml "^4.1.0"

"@apidevtools/json-schema-ref-parser@^9.0.6":
  version "9.1.2"
  resolved "https://registry.yarnpkg.com/@apidevtools/json-schema-ref-parser/-/json-schema-ref-parser-9.1.2.tgz#8ff5386b365d4c9faa7c8b566ff16a46a577d9b8"
  integrity sha512-r1w81DpR+KyRWd3f+rk6TNqMgedmAxZP5v5KWlXQWlgMUUtyEJch0DKEci1SorPMiSeM8XPl7MZ3miJ60JIpQg==
  dependencies:
    "@jsdevtools/ono" "^7.1.3"
    "@types/json-schema" "^7.0.6"
    call-me-maybe "^1.0.1"
    js-yaml "^4.1.0"

"@apidevtools/openapi-schemas@^2.0.4":
  version "2.1.0"
  resolved "https://registry.yarnpkg.com/@apidevtools/openapi-schemas/-/openapi-schemas-2.1.0.tgz#9fa08017fb59d80538812f03fc7cac5992caaa17"
  integrity sha512-Zc1AlqrJlX3SlpupFGpiLi2EbteyP7fXmUOGup6/DnkRgjP9bgMM/ag+n91rsv0U1Gpz0H3VILA/o3bW7Ua6BQ==

"@apidevtools/swagger-methods@^3.0.2":
  version "3.0.2"
  resolved "https://registry.yarnpkg.com/@apidevtools/swagger-methods/-/swagger-methods-3.0.2.tgz#b789a362e055b0340d04712eafe7027ddc1ac267"
  integrity sha512-QAkD5kK2b1WfjDS/UQn/qQkbwF31uqRjPTrsCs5ZG9BQGAkjwvqGFjjPqAuzac/IYzpPtRzjCP1WrTuAIjMrXg==

"@apidevtools/swagger-parser@10.0.3":
  version "10.0.3"
  resolved "https://registry.yarnpkg.com/@apidevtools/swagger-parser/-/swagger-parser-10.0.3.tgz#32057ae99487872c4dd96b314a1ab4b95d89eaf5"
  integrity sha512-sNiLY51vZOmSPFZA5TF35KZ2HbgYklQnTSDnkghamzLb3EkNtcQnrBQEj5AOCxHpTtXpqMCRM1CrmV2rG6nw4g==
  dependencies:
    "@apidevtools/json-schema-ref-parser" "^9.0.6"
    "@apidevtools/openapi-schemas" "^2.0.4"
    "@apidevtools/swagger-methods" "^3.0.2"
    "@jsdevtools/ono" "^7.1.3"
    call-me-maybe "^1.0.1"
    z-schema "^5.0.1"

"@hapi/accept@^6.0.3":
  version "6.0.3"
  resolved "https://registry.yarnpkg.com/@hapi/accept/-/accept-6.0.3.tgz#eef0800a4f89cd969da8e5d0311dc877c37279ab"
  integrity sha512-p72f9k56EuF0n3MwlBNThyVE5PXX40g+aQh+C/xbKrfzahM2Oispv3AXmOIU51t3j77zay1qrX7IIziZXspMlw==
  dependencies:
    "@hapi/boom" "^10.0.1"
    "@hapi/hoek" "^11.0.2"

"@hapi/ammo@^6.0.1":
  version "6.0.1"
  resolved "https://registry.yarnpkg.com/@hapi/ammo/-/ammo-6.0.1.tgz#1bc9f7102724ff288ca03b721854fc5393ad123a"
  integrity sha512-pmL+nPod4g58kXrMcsGLp05O2jF4P2Q3GiL8qYV7nKYEh3cGf+rV4P5Jyi2Uq0agGhVU63GtaSAfBEZOlrJn9w==
  dependencies:
    "@hapi/hoek" "^11.0.2"

"@hapi/b64@^6.0.1":
  version "6.0.1"
  resolved "https://registry.yarnpkg.com/@hapi/b64/-/b64-6.0.1.tgz#786b47dc070e14465af49e2428c1025bd06ed3df"
  integrity sha512-ZvjX4JQReUmBheeCq+S9YavcnMMHWqx3S0jHNXWIM1kQDxB9cyfSycpVvjfrKcIS8Mh5N3hmu/YKo4Iag9g2Kw==
  dependencies:
    "@hapi/hoek" "^11.0.2"

"@hapi/boom@^10.0.0", "@hapi/boom@^10.0.1":
  version "10.0.1"
  resolved "https://registry.yarnpkg.com/@hapi/boom/-/boom-10.0.1.tgz#ebb14688275ae150aa6af788dbe482e6a6062685"
  integrity sha512-ERcCZaEjdH3OgSJlyjVk8pHIFeus91CjKP3v+MpgBNp5IvGzP2l/bRiD78nqYcKPaZdbKkK5vDBVPd2ohHBlsA==
  dependencies:
    "@hapi/hoek" "^11.0.2"

"@hapi/bounce@^3.0.1", "@hapi/bounce@^3.0.2":
  version "3.0.2"
  resolved "https://registry.yarnpkg.com/@hapi/bounce/-/bounce-3.0.2.tgz#6499a1e2db6a699e2c8d284045af46b9d8d9d57d"
  integrity sha512-d0XmlTi3H9HFDHhQLjg4F4auL1EY3Wqj7j7/hGDhFFe6xAbnm3qiGrXeT93zZnPH8gH+SKAFYiRzu26xkXcH3g==
  dependencies:
    "@hapi/boom" "^10.0.1"
    "@hapi/hoek" "^11.0.2"

"@hapi/bourne@^3.0.0":
  version "3.0.0"
  resolved "https://registry.yarnpkg.com/@hapi/bourne/-/bourne-3.0.0.tgz#f11fdf7dda62fe8e336fa7c6642d9041f30356d7"
  integrity sha512-Waj1cwPXJDucOib4a3bAISsKJVb15MKi9IvmTI/7ssVEm6sywXGjVJDhl6/umt1pK1ZS7PacXU3A1PmFKHEZ2w==

"@hapi/call@^9.0.1":
  version "9.0.1"
  resolved "https://registry.yarnpkg.com/@hapi/call/-/call-9.0.1.tgz#569b87d5b67abf0e58fb82a3894a61aaed3ca92e"
  integrity sha512-uPojQRqEL1GRZR4xXPqcLMujQGaEpyVPRyBlD8Pp5rqgIwLhtveF9PkixiKru2THXvuN8mUrLeet5fqxKAAMGg==
  dependencies:
    "@hapi/boom" "^10.0.1"
    "@hapi/hoek" "^11.0.2"

"@hapi/catbox-memory@^6.0.2":
  version "6.0.2"
  resolved "https://registry.yarnpkg.com/@hapi/catbox-memory/-/catbox-memory-6.0.2.tgz#399fa83e85134d45a548eee978e4c3c1523e1a70"
  integrity sha512-H1l4ugoFW/ZRkqeFrIo8p1rWN0PA4MDTfu4JmcoNDvnY975o29mqoZblqFTotxNHlEkMPpIiIBJTV+Mbi+aF0g==
  dependencies:
    "@hapi/boom" "^10.0.1"
    "@hapi/hoek" "^11.0.2"

"@hapi/catbox@^12.1.1":
  version "12.1.1"
  resolved "https://registry.yarnpkg.com/@hapi/catbox/-/catbox-12.1.1.tgz#9339dca0a5b18b3ca0a825ac5dfc916dbc5bab83"
  integrity sha512-hDqYB1J+R0HtZg4iPH3LEnldoaBsar6bYp0EonBmNQ9t5CO+1CqgCul2ZtFveW1ReA5SQuze9GPSU7/aecERhw==
  dependencies:
    "@hapi/boom" "^10.0.1"
    "@hapi/hoek" "^11.0.2"
    "@hapi/podium" "^5.0.0"
    "@hapi/validate" "^2.0.1"

"@hapi/content@^6.0.0":
  version "6.0.0"
  resolved "https://registry.yarnpkg.com/@hapi/content/-/content-6.0.0.tgz#2427af3bac8a2f743512fce2a70cbdc365af29df"
  integrity sha512-CEhs7j+H0iQffKfe5Htdak5LBOz/Qc8TRh51cF+BFv0qnuph3Em4pjGVzJMkI2gfTDdlJKWJISGWS1rK34POGA==
  dependencies:
    "@hapi/boom" "^10.0.0"

"@hapi/cryptiles@^6.0.1":
  version "6.0.1"
  resolved "https://registry.yarnpkg.com/@hapi/cryptiles/-/cryptiles-6.0.1.tgz#7868a9d4233567ed66f0a9caf85fdcc56e980621"
  integrity sha512-9GM9ECEHfR8lk5ASOKG4+4ZsEzFqLfhiryIJ2ISePVB92OHLp/yne4m+zn7z9dgvM98TLpiFebjDFQ0UHcqxXQ==
  dependencies:
    "@hapi/boom" "^10.0.1"

"@hapi/file@^3.0.0":
  version "3.0.0"
  resolved "https://registry.yarnpkg.com/@hapi/file/-/file-3.0.0.tgz#f1fd824493ac89a6fceaf89c824afc5ae2121c09"
  integrity sha512-w+lKW+yRrLhJu620jT3y+5g2mHqnKfepreykvdOcl9/6up8GrQQn+l3FRTsjHTKbkbfQFkuksHpdv2EcpKcJ4Q==

"@hapi/hapi@^21.3.1":
  version "21.4.0"
  resolved "https://registry.yarnpkg.com/@hapi/hapi/-/hapi-21.4.0.tgz#6f1493ffd6d83ef2d06a95b6e855f554545e3703"
  integrity sha512-kqiRWbYYLSSt2rYbxyNj8svPsXP715p4W/K3OXpXeiiVLNSdBX4f+zfmC+dY6eyb6rqTqTAbx6x8b5HpJTkviQ==
  dependencies:
    "@hapi/accept" "^6.0.3"
    "@hapi/ammo" "^6.0.1"
    "@hapi/boom" "^10.0.1"
    "@hapi/bounce" "^3.0.2"
    "@hapi/call" "^9.0.1"
    "@hapi/catbox" "^12.1.1"
    "@hapi/catbox-memory" "^6.0.2"
    "@hapi/heavy" "^8.0.1"
    "@hapi/hoek" "^11.0.6"
    "@hapi/mimos" "^7.0.1"
    "@hapi/podium" "^5.0.1"
    "@hapi/shot" "^6.0.1"
    "@hapi/somever" "^4.1.1"
    "@hapi/statehood" "^8.2.0"
    "@hapi/subtext" "^8.1.0"
    "@hapi/teamwork" "^6.0.0"
    "@hapi/topo" "^6.0.2"
    "@hapi/validate" "^2.0.1"

"@hapi/heavy@^8.0.1":
  version "8.0.1"
  resolved "https://registry.yarnpkg.com/@hapi/heavy/-/heavy-8.0.1.tgz#e2be4a6a249005b5a587f7604aafa8ed02461fb6"
  integrity sha512-gBD/NANosNCOp6RsYTsjo2vhr5eYA3BEuogk6cxY0QdhllkkTaJFYtTXv46xd6qhBVMbMMqcSdtqey+UQU3//w==
  dependencies:
    "@hapi/boom" "^10.0.1"
    "@hapi/hoek" "^11.0.2"
    "@hapi/validate" "^2.0.1"

"@hapi/hoek@^11.0.2", "@hapi/hoek@^11.0.4", "@hapi/hoek@^11.0.6":
  version "11.0.7"
  resolved "https://registry.yarnpkg.com/@hapi/hoek/-/hoek-11.0.7.tgz#56a920793e0a42d10e530da9a64cc0d3919c4002"
  integrity sha512-HV5undWkKzcB4RZUusqOpcgxOaq6VOAH7zhhIr2g3G8NF/MlFO75SjOr2NfuSx0Mh40+1FqCkagKLJRykUWoFQ==

"@hapi/hoek@^9.0.0", "@hapi/hoek@^9.3.0":
  version "9.3.0"
  resolved "https://registry.yarnpkg.com/@hapi/hoek/-/hoek-9.3.0.tgz#8368869dcb735be2e7f5cb7647de78e167a251fb"
  integrity sha512-/c6rf4UJlmHlC9b5BaNvzAcFv7HZ2QHaV0D4/HNlBdvFnvQq8RI4kYdhyPCl7Xj+oWvTWQ8ujhqS53LIgAe6KQ==

"@hapi/inert@^7.1.0":
  version "7.1.0"
  resolved "https://registry.yarnpkg.com/@hapi/inert/-/inert-7.1.0.tgz#0bcebe4c5115230f9d7b5d6e8c3bf799ca91958e"
  integrity sha512-5X+cl/Ozm0U9uPGGX1dSKhnhTQIf161bH/kkTN9OBVAZKFG+nrj8j/NMj6S1zBBZWmQrkVRNPfCUGrXzB4fCFQ==
  dependencies:
    "@hapi/ammo" "^6.0.1"
    "@hapi/boom" "^10.0.1"
    "@hapi/bounce" "^3.0.1"
    "@hapi/hoek" "^11.0.2"
    "@hapi/validate" "^2.0.1"
    lru-cache "^7.14.1"

"@hapi/iron@^7.0.1":
  version "7.0.1"
  resolved "https://registry.yarnpkg.com/@hapi/iron/-/iron-7.0.1.tgz#f74bace8dad9340c7c012c27c078504f070f14b5"
  integrity sha512-tEZnrOujKpS6jLKliyWBl3A9PaE+ppuL/+gkbyPPDb/l2KSKQyH4lhMkVb+sBhwN+qaxxlig01JRqB8dk/mPxQ==
  dependencies:
    "@hapi/b64" "^6.0.1"
    "@hapi/boom" "^10.0.1"
    "@hapi/bourne" "^3.0.0"
    "@hapi/cryptiles" "^6.0.1"
    "@hapi/hoek" "^11.0.2"

"@hapi/mimos@^7.0.1":
  version "7.0.1"
  resolved "https://registry.yarnpkg.com/@hapi/mimos/-/mimos-7.0.1.tgz#5b65c76bb9da28ba34b0092215891f2c72bc899d"
  integrity sha512-b79V+BrG0gJ9zcRx1VGcCI6r6GEzzZUgiGEJVoq5gwzuB2Ig9Cax8dUuBauQCFKvl2YWSWyOc8mZ8HDaJOtkew==
  dependencies:
    "@hapi/hoek" "^11.0.2"
    mime-db "^1.52.0"

"@hapi/nigel@^5.0.1":
  version "5.0.1"
  resolved "https://registry.yarnpkg.com/@hapi/nigel/-/nigel-5.0.1.tgz#a6dfe357e9d48d944e2ffc552bd95cb701d79ee9"
  integrity sha512-uv3dtYuB4IsNaha+tigWmN8mQw/O9Qzl5U26Gm4ZcJVtDdB1AVJOwX3X5wOX+A07qzpEZnOMBAm8jjSqGsU6Nw==
  dependencies:
    "@hapi/hoek" "^11.0.2"
    "@hapi/vise" "^5.0.1"

"@hapi/pez@^6.1.0":
  version "6.1.0"
  resolved "https://registry.yarnpkg.com/@hapi/pez/-/pez-6.1.0.tgz#64d9f95580fc7d8f1d13437ee4a8676709954fda"
  integrity sha512-+FE3sFPYuXCpuVeHQ/Qag1b45clR2o54QoonE/gKHv9gukxQ8oJJZPR7o3/ydDTK6racnCJXxOyT1T93FCJMIg==
  dependencies:
    "@hapi/b64" "^6.0.1"
    "@hapi/boom" "^10.0.1"
    "@hapi/content" "^6.0.0"
    "@hapi/hoek" "^11.0.2"
    "@hapi/nigel" "^5.0.1"

"@hapi/podium@^5.0.0", "@hapi/podium@^5.0.1":
  version "5.0.2"
  resolved "https://registry.yarnpkg.com/@hapi/podium/-/podium-5.0.2.tgz#6b1431bec13f55525cdfa83b2a7684c212c96189"
  integrity sha512-T7gf2JYHQQfEfewTQFbsaXoZxSvuXO/QBIGljucUQ/lmPnTTNAepoIKOakWNVWvo2fMEDjycu77r8k6dhreqHA==
  dependencies:
    "@hapi/hoek" "^11.0.2"
    "@hapi/teamwork" "^6.0.0"
    "@hapi/validate" "^2.0.1"

"@hapi/shot@^6.0.1":
  version "6.0.1"
  resolved "https://registry.yarnpkg.com/@hapi/shot/-/shot-6.0.1.tgz#ea84d1810b7c8599d5517c23b4ec55a529d7dc16"
  integrity sha512-s5ynMKZXYoDd3dqPw5YTvOR/vjHvMTxc388+0qL0jZZP1+uwXuUD32o9DuuuLsmTlyXCWi02BJl1pBpwRuUrNA==
  dependencies:
    "@hapi/hoek" "^11.0.2"
    "@hapi/validate" "^2.0.1"

"@hapi/somever@^4.1.1":
  version "4.1.1"
  resolved "https://registry.yarnpkg.com/@hapi/somever/-/somever-4.1.1.tgz#b492c78408303c72cd1a39c5060f35d18a404b27"
  integrity sha512-lt3QQiDDOVRatS0ionFDNrDIv4eXz58IibQaZQDOg4DqqdNme8oa0iPWcE0+hkq/KTeBCPtEOjDOBKBKwDumVg==
  dependencies:
    "@hapi/bounce" "^3.0.1"
    "@hapi/hoek" "^11.0.2"

"@hapi/statehood@^8.2.0":
  version "8.2.0"
  resolved "https://registry.yarnpkg.com/@hapi/statehood/-/statehood-8.2.0.tgz#f9e9367ad1a02a975dc6b24dad728af19962da0f"
  integrity sha512-63JlCVIrsmuunWsyc3OeuFO+gH6v56swLCl7OM1w09l/exQKPUxSUDF2Slkuw8k91nIzr0A2/aPvjLOWf9ksrg==
  dependencies:
    "@hapi/boom" "^10.0.1"
    "@hapi/bounce" "^3.0.1"
    "@hapi/bourne" "^3.0.0"
    "@hapi/cryptiles" "^6.0.1"
    "@hapi/hoek" "^11.0.2"
    "@hapi/iron" "^7.0.1"
    "@hapi/validate" "^2.0.1"

"@hapi/subtext@^8.1.0":
  version "8.1.0"
  resolved "https://registry.yarnpkg.com/@hapi/subtext/-/subtext-8.1.0.tgz#58733020a6655bc4d978df9e2f75e31696ff3f91"
  integrity sha512-PyaN4oSMtqPjjVxLny1k0iYg4+fwGusIhaom9B2StinBclHs7v46mIW706Y+Wo21lcgulGyXbQrmT/w4dus6ww==
  dependencies:
    "@hapi/boom" "^10.0.1"
    "@hapi/bourne" "^3.0.0"
    "@hapi/content" "^6.0.0"
    "@hapi/file" "^3.0.0"
    "@hapi/hoek" "^11.0.2"
    "@hapi/pez" "^6.1.0"
    "@hapi/wreck" "^18.0.1"

"@hapi/teamwork@^6.0.0":
  version "6.0.0"
  resolved "https://registry.yarnpkg.com/@hapi/teamwork/-/teamwork-6.0.0.tgz#b3a173cf811ba59fc6ee22318a1b51f4561f06e0"
  integrity sha512-05HumSy3LWfXpmJ9cr6HzwhAavrHkJ1ZRCmNE2qJMihdM5YcWreWPfyN0yKT2ZjCM92au3ZkuodjBxOibxM67A==

"@hapi/topo@^5.1.0":
  version "5.1.0"
  resolved "https://registry.yarnpkg.com/@hapi/topo/-/topo-5.1.0.tgz#dc448e332c6c6e37a4dc02fd84ba8d44b9afb012"
  integrity sha512-foQZKJig7Ob0BMAYBfcJk8d77QtOe7Wo4ox7ff1lQYoNNAb6jwcY1ncdoy2e9wQZzvNy7ODZCYJkK8kzmcAnAg==
  dependencies:
    "@hapi/hoek" "^9.0.0"

"@hapi/topo@^6.0.1", "@hapi/topo@^6.0.2":
  version "6.0.2"
  resolved "https://registry.yarnpkg.com/@hapi/topo/-/topo-6.0.2.tgz#f219c1c60da8430228af4c1f2e40c32a0d84bbb4"
  integrity sha512-KR3rD5inZbGMrHmgPxsJ9dbi6zEK+C3ZwUwTa+eMwWLz7oijWUTWD2pMSNNYJAU6Qq+65NkxXjqHr/7LM2Xkqg==
  dependencies:
    "@hapi/hoek" "^11.0.2"

"@hapi/validate@^2.0.1":
  version "2.0.1"
  resolved "https://registry.yarnpkg.com/@hapi/validate/-/validate-2.0.1.tgz#45cf228c4c8cfc61ba2da7e0a5ba93ff3b9afff1"
  integrity sha512-NZmXRnrSLK8MQ9y/CMqE9WSspgB9xA41/LlYR0k967aSZebWr4yNrpxIbov12ICwKy4APSlWXZga9jN5p6puPA==
  dependencies:
    "@hapi/hoek" "^11.0.2"
    "@hapi/topo" "^6.0.1"

"@hapi/vise@^5.0.1":
  version "5.0.1"
  resolved "https://registry.yarnpkg.com/@hapi/vise/-/vise-5.0.1.tgz#5c9f16bcf1c039ddd4b6cad5f32d71eeb6bb7dac"
  integrity sha512-XZYWzzRtINQLedPYlIkSkUr7m5Ddwlu99V9elh8CSygXstfv3UnWIXT0QD+wmR0VAG34d2Vx3olqcEhRRoTu9A==
  dependencies:
    "@hapi/hoek" "^11.0.2"

"@hapi/vision@^7.1.1":
  version "7.0.3"
  resolved "https://registry.yarnpkg.com/@hapi/vision/-/vision-7.0.3.tgz#059d7aba353fcca36ca643c607483f47735e4601"
  integrity sha512-1UM3Xej7HZQPaxzWkefvMfcuXoF9R8kIiDTl+Pfdv8f5mJwAv0zIB4R/UvNoQP1+JYgQT+QeUDxcGD8QdIUDyg==
  dependencies:
    "@hapi/boom" "^10.0.1"
    "@hapi/bounce" "^3.0.1"
    "@hapi/hoek" "^11.0.2"
    "@hapi/validate" "^2.0.1"

"@hapi/wreck@^18.0.1":
  version "18.1.0"
  resolved "https://registry.yarnpkg.com/@hapi/wreck/-/wreck-18.1.0.tgz#68e631fc7568ebefc6252d5b86cb804466c8dbe6"
  integrity sha512-0z6ZRCmFEfV/MQqkQomJ7sl/hyxvcZM7LtuVqN3vdAO4vM9eBbowl0kaqQj9EJJQab+3Uuh1GxbGIBFy4NfJ4w==
  dependencies:
    "@hapi/boom" "^10.0.1"
    "@hapi/bourne" "^3.0.0"
    "@hapi/hoek" "^11.0.2"

"@jsdevtools/ono@^7.1.3":
  version "7.1.3"
  resolved "https://registry.yarnpkg.com/@jsdevtools/ono/-/ono-7.1.3.tgz#9df03bbd7c696a5c58885c34aa06da41c8543796"
  integrity sha512-4JQNk+3mVzK3xh2rqd6RB4J46qUR19azEHBneZyTZM+c456qOrbbM/5xcR8huNCCcbVt7+UmizG6GuUvPvKUYg==

"@mongodb-js/saslprep@^1.1.9":
  version "1.2.2"
  resolved "https://registry.yarnpkg.com/@mongodb-js/saslprep/-/saslprep-1.2.2.tgz#09506f29cc2a99d9d7b951caa7fffc87e522a6d3"
  integrity sha512-EB0O3SCSNRUFk66iRCpI+cXzIjdswfCs7F6nOC3RAGJ7xr5YhaicvsRwJ9eyzYvYRlCSDUO/c7g4yNulxKC1WA==
  dependencies:
    sparse-bitfield "^3.0.3"

"@scarf/scarf@=1.4.0":
  version "1.4.0"
  resolved "https://registry.yarnpkg.com/@scarf/scarf/-/scarf-1.4.0.tgz#3bbb984085dbd6d982494538b523be1ce6562972"
  integrity sha512-xxeapPiUXdZAE3che6f3xogoJPeZgig6omHEy1rIY5WVsB3H2BHNnZH+gHG6x91SCWyQCzWGsuL2Hh3ClO5/qQ==

"@sideway/address@^4.1.5":
  version "4.1.5"
  resolved "https://registry.yarnpkg.com/@sideway/address/-/address-4.1.5.tgz#4bc149a0076623ced99ca8208ba780d65a99b9d5"
  integrity sha512-IqO/DUQHUkPeixNQ8n0JA6102hT9CmaljNTPmQ1u8MEhBo/R4Q8eKLN/vGZxuebwOroDB4cbpjheD4+/sKFK4Q==
  dependencies:
    "@hapi/hoek" "^9.0.0"

"@sideway/formula@^3.0.1":
  version "3.0.1"
  resolved "https://registry.yarnpkg.com/@sideway/formula/-/formula-3.0.1.tgz#80fcbcbaf7ce031e0ef2dd29b1bfc7c3f583611f"
  integrity sha512-/poHZJJVjx3L+zVD6g9KgHfYnb443oi7wLu/XKojDviHy6HOEOA6z1Trk5aR1dGcmPenJEgb2sK2I80LeS3MIg==

"@sideway/pinpoint@^2.0.0":
  version "2.0.0"
  resolved "https://registry.yarnpkg.com/@sideway/pinpoint/-/pinpoint-2.0.0.tgz#cff8ffadc372ad29fd3f78277aeb29e632cc70df"
  integrity sha512-RNiOoTPkptFtSVzQevY/yWtZwf/RxyVnPy/OcA9HBM3MlGDnBEYL5B41H0MTn0Uec8Hi+2qUtTfG2WWZBmMejQ==

"@types/json-schema@^7.0.15", "@types/json-schema@^7.0.6":
  version "7.0.15"
  resolved "https://registry.yarnpkg.com/@types/json-schema/-/json-schema-7.0.15.tgz#596a1747233694d50f6ad8a7869fcb6f56cf5841"
  integrity sha512-5+fP8P8MFNC+AyZCDxrB2pkZFPGzqQWUzpSeuuVLvm8VMcorNYavBqoFcxK8bQz4Qsbn4oUEEem4wDLfcysGHA==

"@types/webidl-conversions@*":
  version "7.0.3"
  resolved "https://registry.yarnpkg.com/@types/webidl-conversions/-/webidl-conversions-7.0.3.tgz#1306dbfa53768bcbcfc95a1c8cde367975581859"
  integrity sha512-CiJJvcRtIgzadHCYXw7dqEnMNRjhGZlYK05Mj9OyktqV8uVT8fD2BFOB7S1uwBE3Kj2Z+4UyPmFw/Ixgw/LAlA==

"@types/whatwg-url@^11.0.2":
  version "11.0.5"
  resolved "https://registry.yarnpkg.com/@types/whatwg-url/-/whatwg-url-11.0.5.tgz#aaa2546e60f0c99209ca13360c32c78caf2c409f"
  integrity sha512-coYR071JRaHa+xoEvvYqvnIHaVqaYrLPbsufM9BF63HkwI5Lgmy2QR8Q5K/lYDYo5AK82wOvSOS0UsLTpTG7uQ==
  dependencies:
    "@types/webidl-conversions" "*"

amqplib@^0.10.3:
  version "0.10.8"
  resolved "https://registry.yarnpkg.com/amqplib/-/amqplib-0.10.8.tgz#87f5173df65f17008ad5dd0736174724b8211b11"
  integrity sha512-Tfn1O9sFgAP8DqeMEpt2IacsVTENBpblB3SqLdn0jK2AeX8iyCvbptBc8lyATT9bQ31MsjVwUSQ1g8f4jHOUfw==
  dependencies:
    buffer-more-ints "~1.0.0"
    url-parse "~1.5.10"

argparse@^2.0.1:
  version "2.0.1"
  resolved "https://registry.yarnpkg.com/argparse/-/argparse-2.0.1.tgz#246f50f3ca78a3240f6c997e8a9bd1eac49e4b38"
  integrity sha512-8+9WqebbFzpX9OR+Wa6O29asIogeRMzcGtAINdpMHHyAg10f05aSFVBbcEqGf/PXw1EjAZ+q2/bEBg3DvurK3Q==

bson@^6.10.3:
  version "6.10.3"
  resolved "https://registry.yarnpkg.com/bson/-/bson-6.10.3.tgz#5f9a463af6b83e264bedd08b236d1356a30eda47"
  integrity sha512-MTxGsqgYTwfshYWTRdmZRC+M7FnG1b4y7RO7p2k3X24Wq0yv1m77Wsj0BzlPzd/IowgESfsruQCUToa7vbOpPQ==

buffer-more-ints@~1.0.0:
  version "1.0.0"
  resolved "https://registry.yarnpkg.com/buffer-more-ints/-/buffer-more-ints-1.0.0.tgz#ef4f8e2dddbad429ed3828a9c55d44f05c611422"
  integrity sha512-EMetuGFz5SLsT0QTnXzINh4Ksr+oo4i+UGTXEshiGCQWnsgSs7ZhJ8fzlwQ+OzEMs0MpDAMr1hxnblp5a4vcHg==

call-me-maybe@^1.0.1:
  version "1.0.2"
  resolved "https://registry.yarnpkg.com/call-me-maybe/-/call-me-maybe-1.0.2.tgz#03f964f19522ba643b1b0693acb9152fe2074baa"
  integrity sha512-HpX65o1Hnr9HH25ojC1YGs7HCQLq0GCOibSaWER0eNpgJ/Z1MZv2mTc7+xh6WOPxbRVcmgbv4hGU+uSQ/2xFZQ==

commander@^10.0.0:
  version "10.0.1"
  resolved "https://registry.yarnpkg.com/commander/-/commander-10.0.1.tgz#881ee46b4f77d1c1dccc5823433aa39b022cbe06"
  integrity sha512-y4Mg2tXshplEbSGzx7amzPwKKOCGuoSRP/CjEdwwk0FOGlUbq6lKuoyDZTNZkmxHdJtp54hdfY/JUrdL7Xfdug==

debug@4.x:
  version "4.4.1"
  resolved "https://registry.yarnpkg.com/debug/-/debug-4.4.1.tgz#e5a8bc6cbc4c6cd3e64308b0693a3d4fa550189b"
  integrity sha512-KcKCqiftBJcZr++7ykoDIEwSa3XWowTfNPo92BYxjXiyYEVrUQh2aLyhxBCwww+heortUFxEJYcRzosstTEBYQ==
  dependencies:
    ms "^2.1.3"

dotenv@^16.4.5:
  version "16.5.0"
  resolved "https://registry.yarnpkg.com/dotenv/-/dotenv-16.5.0.tgz#092b49f25f808f020050051d1ff258e404c78692"
  integrity sha512-m/C+AwOAr9/W1UOIZUo232ejMNnJAJtYQjUbHoNTBNTJSvqzzDh7vnrei3o3r3m9blf6ZoDkvcw0VmozNRFJxg==

handlebars@^4.7.8:
  version "4.7.8"
  resolved "https://registry.yarnpkg.com/handlebars/-/handlebars-4.7.8.tgz#41c42c18b1be2365439188c77c6afae71c0cd9e9"
  integrity sha512-vafaFqs8MZkRrSX7sFVUdo3ap/eNiLnb4IakshzvP56X5Nr1iGKAIqdX6tMlm6HcNRIkr6AxO5jFEoJzzpT8aQ==
  dependencies:
    minimist "^1.2.5"
    neo-async "^2.6.2"
    source-map "^0.6.1"
    wordwrap "^1.0.0"
  optionalDependencies:
    uglify-js "^3.1.4"

hapi-swagger@^15.2.0:
  version "17.3.2"
  resolved "https://registry.yarnpkg.com/hapi-swagger/-/hapi-swagger-17.3.2.tgz#03939044d06cb4cd6602422d0d61fe7631c43f40"
  integrity sha512-mj1KPBl5UY4rLTLj9CrgNCps29iZ7vKNTEey3Ztm7fZ/DrMdJ7KHdxSucACyaFdPAiEpfJtHvm/5lxJVXVxa4g==
  dependencies:
    "@apidevtools/json-schema-ref-parser" "^11.7.0"
    "@hapi/boom" "^10.0.1"
    "@hapi/hoek" "^11.0.4"
    handlebars "^4.7.8"
    http-status "^1.7.4"
    swagger-parser "^10.0.3"
    swagger-ui-dist "^5.17.14"

http-status@^1.7.4:
  version "1.8.1"
  resolved "https://registry.yarnpkg.com/http-status/-/http-status-1.8.1.tgz#db0fe0fa1097f5f20d67552d9344717e93357d66"
  integrity sha512-YQF7j8Qf/Rlby0IbRPiWfNZt6aeUv3K0Pi0x3crbMZN+7F8dPn5k4b3n897vpM1Vk8Mg2fhOYc9fktKEQWMy/Q==

joi@^17.11.0:
  version "17.13.3"
  resolved "https://registry.yarnpkg.com/joi/-/joi-17.13.3.tgz#0f5cc1169c999b30d344366d384b12d92558bcec"
  integrity sha512-otDA4ldcIx+ZXsKHWmp0YizCweVRZG96J10b0FevjfuncLO1oX59THoAmHkNubYJ+9gWsYsp5k8v4ib6oDv1fA==
  dependencies:
    "@hapi/hoek" "^9.3.0"
    "@hapi/topo" "^5.1.0"
    "@sideway/address" "^4.1.5"
    "@sideway/formula" "^3.0.1"
    "@sideway/pinpoint" "^2.0.0"

js-yaml@^4.1.0:
  version "4.1.0"
  resolved "https://registry.yarnpkg.com/js-yaml/-/js-yaml-4.1.0.tgz#c1fb65f8f5017901cdd2c951864ba18458a10602"
  integrity sha512-wpxZs9NoxZaJESJGIZTyDEaYpl0FKSA+FB9aJiyemKhMwkxQg63h4T1KJgUGHpTqPDNRcmmYLugrRjJlBtWvRA==
  dependencies:
    argparse "^2.0.1"

kareem@2.6.3:
  version "2.6.3"
  resolved "https://registry.yarnpkg.com/kareem/-/kareem-2.6.3.tgz#23168ec8ffb6c1abfd31b7169a6fb1dd285992ac"
  integrity sha512-C3iHfuGUXK2u8/ipq9LfjFfXFxAZMQJJq7vLS45r3D9Y2xQ/m4S8zaR4zMLFWh9AsNPXmcFfUDhTEO8UIC/V6Q==

lodash.get@^4.4.2:
  version "4.4.2"
  resolved "https://registry.yarnpkg.com/lodash.get/-/lodash.get-4.4.2.tgz#2d177f652fa31e939b4438d5341499dfa3825e99"
  integrity sha512-z+Uw/vLuy6gQe8cfaFWD7p0wVv8fJl3mbzXh33RS+0oW2wvUqiRXiQ69gLWSLpgB5/6sU+r6BlQR0MBILadqTQ==

lodash.isequal@^4.5.0:
  version "4.5.0"
  resolved "https://registry.yarnpkg.com/lodash.isequal/-/lodash.isequal-4.5.0.tgz#415c4478f2bcc30120c22ce10ed3226f7d3e18e0"
  integrity sha512-pDo3lu8Jhfjqls6GkMgpahsF9kCyayhgykjyLMNFTKWrpVdAQtYyB4muAMWozBB4ig/dtWAmsMxLEI8wuz+DYQ==

lru-cache@^7.14.1:
  version "7.18.3"
  resolved "https://registry.yarnpkg.com/lru-cache/-/lru-cache-7.18.3.tgz#f793896e0fd0e954a59dfdd82f0773808df6aa89"
  integrity sha512-jumlc0BIUrS3qJGgIkWZsyfAM7NCWiBcCDhnd+3NNM5KbBmLTgHVfWBcg6W+rLUsIpzpERPsvwUP7CckAQSOoA==

memory-pager@^1.0.2:
  version "1.5.0"
  resolved "https://registry.yarnpkg.com/memory-pager/-/memory-pager-1.5.0.tgz#d8751655d22d384682741c972f2c3d6dfa3e66b5"
  integrity sha512-ZS4Bp4r/Zoeq6+NLJpP+0Zzm0pR8whtGPf1XExKLJBAczGMnSi3It14OiNCStjQjM6NU1okjQGSxgEZN8eBYKg==

mime-db@^1.52.0:
  version "1.54.0"
  resolved "https://registry.yarnpkg.com/mime-db/-/mime-db-1.54.0.tgz#cddb3ee4f9c64530dff640236661d42cb6a314f5"
  integrity sha512-aU5EJuIN2WDemCcAp2vFBfp/m4EAhWJnUNSSw0ixs7/kXbd6Pg64EmwJkNdFhB8aWt1sH2CTXrLxo/iAGV3oPQ==

minimist@^1.2.5:
  version "1.2.8"
  resolved "https://registry.yarnpkg.com/minimist/-/minimist-1.2.8.tgz#c1a464e7693302e082a075cee0c057741ac4772c"
  integrity sha512-2yyAR8qBkN3YuheJanUpWC5U3bb5osDywNB8RzDVlDwDHbocAJveqqj1u8+SVD7jkWT4yvsHCpWqqWqAxb0zCA==

mongodb-connection-string-url@^3.0.0:
  version "3.0.2"
  resolved "https://registry.yarnpkg.com/mongodb-connection-string-url/-/mongodb-connection-string-url-3.0.2.tgz#e223089dfa0a5fa9bf505f8aedcbc67b077b33e7"
  integrity sha512-rMO7CGo/9BFwyZABcKAWL8UJwH/Kc2x0g72uhDWzG48URRax5TCIcJ7Rc3RZqffZzO/Gwff/jyKwCU9TN8gehA==
  dependencies:
    "@types/whatwg-url" "^11.0.2"
    whatwg-url "^14.1.0 || ^13.0.0"

mongodb@~6.16.0:
  version "6.16.0"
  resolved "https://registry.yarnpkg.com/mongodb/-/mongodb-6.16.0.tgz#2a7a1986ec151d9c738fc8ce4cf4324c3f728a2f"
  integrity sha512-D1PNcdT0y4Grhou5Zi/qgipZOYeWrhLEpk33n3nm6LGtz61jvO88WlrWCK/bigMjpnOdAUKKQwsGIl0NtWMyYw==
  dependencies:
    "@mongodb-js/saslprep" "^1.1.9"
    bson "^6.10.3"
    mongodb-connection-string-url "^3.0.0"

mongoose@^8.3.1:
  version "8.15.0"
  resolved "https://registry.yarnpkg.com/mongoose/-/mongoose-8.15.0.tgz#29024dfc941b5b092a85a9d947b7812a6c61957a"
  integrity sha512-WFKsY1q12ScGabnZWUB9c/QzZmz/ESorrV27OembB7Gz6rrh9m3GA4Srsv1uvW1s9AHO5DeZ6DdUTyF9zyNERQ==
  dependencies:
    bson "^6.10.3"
    kareem "2.6.3"
    mongodb "~6.16.0"
    mpath "0.9.0"
    mquery "5.0.0"
    ms "2.1.3"
    sift "17.1.3"

mpath@0.9.0:
  version "0.9.0"
  resolved "https://registry.yarnpkg.com/mpath/-/mpath-0.9.0.tgz#0c122fe107846e31fc58c75b09c35514b3871904"
  integrity sha512-ikJRQTk8hw5DEoFVxHG1Gn9T/xcjtdnOKIU1JTmGjZZlg9LST2mBLmcX3/ICIbgJydT2GOc15RnNy5mHmzfSew==

mquery@5.0.0:
  version "5.0.0"
  resolved "https://registry.yarnpkg.com/mquery/-/mquery-5.0.0.tgz#a95be5dfc610b23862df34a47d3e5d60e110695d"
  integrity sha512-iQMncpmEK8R8ncT8HJGsGc9Dsp8xcgYMVSbs5jgnm1lFHTZqMJTUWTDx1LBO8+mK3tPNZWFLBghQEIOULSTHZg==
  dependencies:
    debug "4.x"

ms@2.1.3, ms@^2.1.3:
  version "2.1.3"
  resolved "https://registry.yarnpkg.com/ms/-/ms-2.1.3.tgz#574c8138ce1d2b5861f0b44579dbadd60c6615b2"
  integrity sha512-6FlzubTLZG3J2a/NVCAleEhjzq5oxgHyaCU9yYXvcLsvoVaHJq/s5xXI6/XXP6tz7R9xAOtHnSO/tXtF3WRTlA==

neo-async@^2.6.2:
  version "2.6.2"
  resolved "https://registry.yarnpkg.com/neo-async/-/neo-async-2.6.2.tgz#b4aafb93e3aeb2d8174ca53cf163ab7d7308305f"
  integrity sha512-Yd3UES5mWCSqR+qNT93S3UoYUkqAZ9lLg8a7g9rimsWmYGK8cVToA4/sF3RrshdyV3sAGMXVUmpMYOw+dLpOuw==

nodemailer@^6.9.13:
  version "6.10.1"
  resolved "https://registry.yarnpkg.com/nodemailer/-/nodemailer-6.10.1.tgz#cbc434c54238f83a51c07eabd04e2b3e832da623"
  integrity sha512-Z+iLaBGVaSjbIzQ4pX6XV41HrooLsQ10ZWPUehGmuantvzWoDVBnmsdUcOIDM1t+yPor5pDhVlDESgOMEGxhHA==

punycode@^2.3.1:
  version "2.3.1"
  resolved "https://registry.yarnpkg.com/punycode/-/punycode-2.3.1.tgz#027422e2faec0b25e1549c3e1bd8309b9133b6e5"
  integrity sha512-vYt7UD1U9Wg6138shLtLOvdAu+8DsC/ilFtEVHcH+wydcSpNE20AfSOduf6MkRFahL5FY7X1oU7nKVZFtfq8Fg==

querystringify@^2.1.1:
  version "2.2.0"
  resolved "https://registry.yarnpkg.com/querystringify/-/querystringify-2.2.0.tgz#3345941b4153cb9d082d8eee4cda2016a9aef7f6"
  integrity sha512-FIqgj2EUvTa7R50u0rGsyTftzjYmv/a3hO345bZNrqabNqjtgiDMgmo4mkUjd+nzU5oF3dClKqFIPUKybUyqoQ==

requires-port@^1.0.0:
  version "1.0.0"
  resolved "https://registry.yarnpkg.com/requires-port/-/requires-port-1.0.0.tgz#925d2601d39ac485e091cf0da5c6e694dc3dcaff"
  integrity sha512-KigOCHcocU3XODJxsu8i/j8T9tzT4adHiecwORRQ0ZZFcp7ahwXuRU1m+yuO90C5ZUyGeGfocHDI14M3L3yDAQ==

sift@17.1.3:
  version "17.1.3"
  resolved "https://registry.yarnpkg.com/sift/-/sift-17.1.3.tgz#9d2000d4d41586880b0079b5183d839c7a142bf7"
  integrity sha512-Rtlj66/b0ICeFzYTuNvX/EF1igRbbnGSvEyT79McoZa/DeGhMyC5pWKOEsZKnpkqtSeovd5FL/bjHWC3CIIvCQ==

source-map@^0.6.1:
  version "0.6.1"
  resolved "https://registry.yarnpkg.com/source-map/-/source-map-0.6.1.tgz#74722af32e9614e9c287a8d0bbde48b5e2f1a263"
  integrity sha512-UjgapumWlbMhkBgzT7Ykc5YXUT46F0iKu8SGXq0bcwP5dz/h0Plj6enJqjz1Zbq2l5WaqYnrVbwWOWMyF3F47g==

sparse-bitfield@^3.0.3:
  version "3.0.3"
  resolved "https://registry.yarnpkg.com/sparse-bitfield/-/sparse-bitfield-3.0.3.tgz#ff4ae6e68656056ba4b3e792ab3334d38273ca11"
  integrity sha512-kvzhi7vqKTfkh0PZU+2D2PIllw2ymqJKujUcyPMd9Y75Nv4nPbGJZXNhxsgdQab2BmlDct1YnfQCguEvHr7VsQ==
  dependencies:
    memory-pager "^1.0.2"

swagger-parser@^10.0.3:
  version "10.0.3"
  resolved "https://registry.yarnpkg.com/swagger-parser/-/swagger-parser-10.0.3.tgz#04cb01c18c3ac192b41161c77f81e79309135d03"
  integrity sha512-nF7oMeL4KypldrQhac8RyHerJeGPD1p2xDh900GPvc+Nk7nWP6jX2FcC7WmkinMoAmoO774+AFXcWsW8gMWEIg==
  dependencies:
    "@apidevtools/swagger-parser" "10.0.3"

swagger-ui-dist@^5.17.14:
  version "5.21.0"
  resolved "https://registry.yarnpkg.com/swagger-ui-dist/-/swagger-ui-dist-5.21.0.tgz#aed230fe6e294c9470217e67697d601e3bb8eb9d"
  integrity sha512-E0K3AB6HvQd8yQNSMR7eE5bk+323AUxjtCz/4ZNKiahOlPhPJxqn3UPIGs00cyY/dhrTDJ61L7C/a8u6zhGrZg==
  dependencies:
    "@scarf/scarf" "=1.4.0"

tr46@^5.1.0:
  version "5.1.1"
  resolved "https://registry.yarnpkg.com/tr46/-/tr46-5.1.1.tgz#96ae867cddb8fdb64a49cc3059a8d428bcf238ca"
  integrity sha512-hdF5ZgjTqgAntKkklYw0R03MG2x/bSzTtkxmIRw/sTNV8YXsCJ1tfLAX23lhxhHJlEf3CRCOCGGWw3vI3GaSPw==
  dependencies:
    punycode "^2.3.1"

uglify-js@^3.1.4:
  version "3.19.3"
  resolved "https://registry.yarnpkg.com/uglify-js/-/uglify-js-3.19.3.tgz#82315e9bbc6f2b25888858acd1fff8441035b77f"
  integrity sha512-v3Xu+yuwBXisp6QYTcH4UbH+xYJXqnq2m/LtQVWKWzYc1iehYnLixoQDN9FH6/j9/oybfd6W9Ghwkl8+UMKTKQ==

url-parse@~1.5.10:
  version "1.5.10"
  resolved "https://registry.yarnpkg.com/url-parse/-/url-parse-1.5.10.tgz#9d3c2f736c1d75dd3bd2be507dcc111f1e2ea9c1"
  integrity sha512-WypcfiRhfeUP9vvF0j6rw0J3hrWrw6iZv3+22h6iRMJ/8z1Tj6XfLP4DsUix5MhMPnXpiHDoKyoZ/bdCkwBCiQ==
  dependencies:
    querystringify "^2.1.1"
    requires-port "^1.0.0"

validator@^13.7.0:
  version "13.15.0"
  resolved "https://registry.yarnpkg.com/validator/-/validator-13.15.0.tgz#2dc7ce057e7513a55585109eec29b2c8e8c1aefd"
  integrity sha512-36B2ryl4+oL5QxZ3AzD0t5SsMNGvTtQHpjgFO5tbNxfXbMFkY822ktCDe1MnlqV3301QQI9SLHDNJokDI+Z9pA==

webidl-conversions@^7.0.0:
  version "7.0.0"
  resolved "https://registry.yarnpkg.com/webidl-conversions/-/webidl-conversions-7.0.0.tgz#256b4e1882be7debbf01d05f0aa2039778ea080a"
  integrity sha512-VwddBukDzu71offAQR975unBIGqfKZpM+8ZX6ySk8nYhVoo5CYaZyzt3YBvYtRtO+aoGlqxPg/B87NGVZ/fu6g==

"whatwg-url@^14.1.0 || ^13.0.0":
  version "14.2.0"
  resolved "https://registry.yarnpkg.com/whatwg-url/-/whatwg-url-14.2.0.tgz#4ee02d5d725155dae004f6ae95c73e7ef5d95663"
  integrity sha512-De72GdQZzNTUBBChsXueQUnPKDkg/5A5zp7pFDuQAj5UFoENpiACU0wlCvzpAGnTkj++ihpKwKyYewn/XNUbKw==
  dependencies:
    tr46 "^5.1.0"
    webidl-conversions "^7.0.0"

wordwrap@^1.0.0:
  version "1.0.0"
  resolved "https://registry.yarnpkg.com/wordwrap/-/wordwrap-1.0.0.tgz#27584810891456a4171c8d0226441ade90cbcaeb"
  integrity sha512-gvVzJFlPycKc5dZN4yPkP8w7Dc37BtP1yczEneOb4uq34pXZcvrtRTmWV8W+Ume+XCxKgbjM+nevkyFPMybd4Q==

z-schema@^5.0.1:
  version "5.0.6"
  resolved "https://registry.yarnpkg.com/z-schema/-/z-schema-5.0.6.tgz#46d6a687b15e4a4369e18d6cb1c7b8618fc256c5"
  integrity sha512-+XR1GhnWklYdfr8YaZv/iu+vY+ux7V5DS5zH1DQf6bO5ufrt/5cgNhVO5qyhsjFXvsqQb/f08DWE9b6uPscyAg==
  dependencies:
    lodash.get "^4.4.2"
    lodash.isequal "^4.5.0"
    validator "^13.7.0"
  optionalDependencies:
    commander "^10.0.0"
